
Microsoft Visual Studio Solution File, Format Version 12.00
# Visual Studio Version 17
VisualStudioVersion = 17.4.33110.190
MinimumVisualStudioVersion = 10.0.40219.1
Project("{FAE04EC0-301F-11D3-BF4B-00C04F79EFBC}") = "BotClient", "BotClient\BotClient.csproj", "{2D98296C-5D78-48CC-9C2F-FDDB8E2ADEBE}"
EndProject
Project("{9A19103F-16F7-4668-BE54-9A1E7A4F7556}") = "Domain", "..\..\BotClient\Domain\Domain.csproj", "{BC3DCC04-DFBB-4C82-9F08-4F1C868C6B45}"
EndProject
Global
	GlobalSection(SolutionConfigurationPlatforms) = preSolution
		Debug|Any CPU = Debug|Any CPU
		Release|Any CPU = Release|Any CPU
	EndGlobalSection
	GlobalSection(ProjectConfigurationPlatforms) = postSolution
		{2D98296C-5D78-48CC-9C2F-FDDB8E2ADEBE}.Debug|Any CPU.ActiveCfg = Debug|Any CPU
		{2D98296C-5D78-48CC-9C2F-FDDB8E2ADEBE}.Debug|Any CPU.Build.0 = Debug|Any CPU
		{2D98296C-5D78-48CC-9C2F-FDDB8E2ADEBE}.Release|Any CPU.ActiveCfg = Release|Any CPU
		{2D98296C-5D78-48CC-9C2F-FDDB8E2ADEBE}.Release|Any CPU.Build.0 = Release|Any CPU
		{BC3DCC04-DFBB-4C82-9F08-4F1C868C6B45}.Debug|Any CPU.ActiveCfg = Debug|Any CPU
		{BC3DCC04-DFBB-4C82-9F08-4F1C868C6B45}.Debug|Any CPU.Build.0 = Debug|Any CPU
		{BC3DCC04-DFBB-4C82-9F08-4F1C868C6B45}.Release|Any CPU.ActiveCfg = Release|Any CPU
		{BC3DCC04-DFBB-4C82-9F08-4F1C868C6B45}.Release|Any CPU.Build.0 = Release|Any CPU
	EndGlobalSection
	GlobalSection(SolutionProperties) = preSolution
		HideSolutionNode = FALSE
	EndGlobalSection
	GlobalSection(ExtensibilityGlobals) = postSolution
		SolutionGuid = {4E31AEBD-66F0-47BA-AEDE-7EEC7B6CB270}
	EndGlobalSection
EndGlobal
